
Microsoft Visual Studio Solution File, Format Version 12.00
Project("{FAE04EC0-301F-11D3-BF4B-00C04F79EFBC}") = "UnoRen", "UnoRen\UnoRen.csproj", "{82C57D21-7561-449F-8B33-43306E501E43}"
EndProject
Project("{FAE04EC0-301F-11D3-BF4B-00C04F79EFBC}") = "VistaLoquesea", "VistaLoquesea\VistaLoquesea.csproj", "{F6B4866D-29BC-40B4-873E-77B1A195B30D}"
EndProject
Project("{FAE04EC0-301F-11D3-BF4B-00C04F79EFBC}") = "GildedRose", "GildedRose\GildedRose.csproj", "{2B1B6A21-00D3-49C4-8931-806BA409E3CD}"
EndProject
Project("{FAE04EC0-301F-11D3-BF4B-00C04F79EFBC}") = "GuildedRoseConsole", "GildedRoseConsole\GuildedRoseConsole.csproj", "{425D211A-556C-40A3-A8D7-FCEE31FF5C1D}"
EndProject
Project("{FAE04EC0-301F-11D3-BF4B-00C04F79EFBC}") = "GildedRoseTests", "GildedRoseTests\GildedRoseTests.csproj", "{599AAF27-6E6A-45B3-AAE2-46AE706B0EBC}"
EndProject
Project("{FAE04EC0-301F-11D3-BF4B-00C04F79EFBC}") = "Buscaminas", "Buscaminas\Buscaminas.csproj", "{60EDD247-9945-433A-ADA3-9835849D3329}"
EndProject
Global
	GlobalSection(SolutionConfigurationPlatforms) = preSolution
		Debug|Any CPU = Debug|Any CPU
		Release|Any CPU = Release|Any CPU
	EndGlobalSection
	GlobalSection(ProjectConfigurationPlatforms) = postSolution
		{82C57D21-7561-449F-8B33-43306E501E43}.Debug|Any CPU.ActiveCfg = Debug|Any CPU
		{82C57D21-7561-449F-8B33-43306E501E43}.Debug|Any CPU.Build.0 = Debug|Any CPU
		{82C57D21-7561-449F-8B33-43306E501E43}.Release|Any CPU.ActiveCfg = Release|Any CPU
		{82C57D21-7561-449F-8B33-43306E501E43}.Release|Any CPU.Build.0 = Release|Any CPU
		{F6B4866D-29BC-40B4-873E-77B1A195B30D}.Debug|Any CPU.ActiveCfg = Debug|Any CPU
		{F6B4866D-29BC-40B4-873E-77B1A195B30D}.Debug|Any CPU.Build.0 = Debug|Any CPU
		{F6B4866D-29BC-40B4-873E-77B1A195B30D}.Release|Any CPU.ActiveCfg = Release|Any CPU
		{F6B4866D-29BC-40B4-873E-77B1A195B30D}.Release|Any CPU.Build.0 = Release|Any CPU
		{2B1B6A21-00D3-49C4-8931-806BA409E3CD}.Debug|Any CPU.ActiveCfg = Debug|Any CPU
		{2B1B6A21-00D3-49C4-8931-806BA409E3CD}.Debug|Any CPU.Build.0 = Debug|Any CPU
		{2B1B6A21-00D3-49C4-8931-806BA409E3CD}.Release|Any CPU.ActiveCfg = Release|Any CPU
		{2B1B6A21-00D3-49C4-8931-806BA409E3CD}.Release|Any CPU.Build.0 = Release|Any CPU
		{425D211A-556C-40A3-A8D7-FCEE31FF5C1D}.Debug|Any CPU.ActiveCfg = Debug|Any CPU
		{425D211A-556C-40A3-A8D7-FCEE31FF5C1D}.Debug|Any CPU.Build.0 = Debug|Any CPU
		{425D211A-556C-40A3-A8D7-FCEE31FF5C1D}.Release|Any CPU.ActiveCfg = Release|Any CPU
		{425D211A-556C-40A3-A8D7-FCEE31FF5C1D}.Release|Any CPU.Build.0 = Release|Any CPU
		{599AAF27-6E6A-45B3-AAE2-46AE706B0EBC}.Debug|Any CPU.ActiveCfg = Debug|Any CPU
		{599AAF27-6E6A-45B3-AAE2-46AE706B0EBC}.Debug|Any CPU.Build.0 = Debug|Any CPU
		{599AAF27-6E6A-45B3-AAE2-46AE706B0EBC}.Release|Any CPU.ActiveCfg = Release|Any CPU
		{599AAF27-6E6A-45B3-AAE2-46AE706B0EBC}.Release|Any CPU.Build.0 = Release|Any CPU
		{60EDD247-9945-433A-ADA3-9835849D3329}.Debug|Any CPU.ActiveCfg = Debug|Any CPU
		{60EDD247-9945-433A-ADA3-9835849D3329}.Debug|Any CPU.Build.0 = Debug|Any CPU
		{60EDD247-9945-433A-ADA3-9835849D3329}.Release|Any CPU.ActiveCfg = Release|Any CPU
		{60EDD247-9945-433A-ADA3-9835849D3329}.Release|Any CPU.Build.0 = Release|Any CPU
	EndGlobalSection
EndGlobal
