
Microsoft Visual Studio Solution File, Format Version 12.00
Project("{FAE04EC0-301F-11D3-BF4B-00C04F79EFBC}") = "buscaminas", "buscaminas\buscaminas.csproj", "{1620ED02-F33A-4E91-8638-8EAA645AEF6F}"
EndProject
Global
	GlobalSection(SolutionConfigurationPlatforms) = preSolution
		Debug|Any CPU = Debug|Any CPU
		Release|Any CPU = Release|Any CPU
	EndGlobalSection
	GlobalSection(ProjectConfigurationPlatforms) = postSolution
		{1620ED02-F33A-4E91-8638-8EAA645AEF6F}.Debug|Any CPU.ActiveCfg = Debug|Any CPU
		{1620ED02-F33A-4E91-8638-8EAA645AEF6F}.Debug|Any CPU.Build.0 = Debug|Any CPU
		{1620ED02-F33A-4E91-8638-8EAA645AEF6F}.Release|Any CPU.ActiveCfg = Release|Any CPU
		{1620ED02-F33A-4E91-8638-8EAA645AEF6F}.Release|Any CPU.Build.0 = Release|Any CPU
	EndGlobalSection
EndGlobal
